
Microsoft Visual Studio Solution File, Format Version 12.00
# Visual Studio 15
VisualStudioVersion = 15.0.27703.2042
MinimumVisualStudioVersion = 10.0.40219.1
Project("{FAE04EC0-301F-11D3-BF4B-00C04F79EFBC}") = "Asp.netcore2", "Asp.netcore2\Asp.netcore2.csproj", "{45D51F39-89E7-4A63-BE5D-35B4F6F2BBF5}"
EndProject
Global
	GlobalSection(SolutionConfigurationPlatforms) = preSolution
		Debug|Any CPU = Debug|Any CPU
		Release|Any CPU = Release|Any CPU
	EndGlobalSection
	GlobalSection(ProjectConfigurationPlatforms) = postSolution
		{45D51F39-89E7-4A63-BE5D-35B4F6F2BBF5}.Debug|Any CPU.ActiveCfg = Debug|Any CPU
		{45D51F39-89E7-4A63-BE5D-35B4F6F2BBF5}.Debug|Any CPU.Build.0 = Debug|Any CPU
		{45D51F39-89E7-4A63-BE5D-35B4F6F2BBF5}.Release|Any CPU.ActiveCfg = Release|Any CPU
		{45D51F39-89E7-4A63-BE5D-35B4F6F2BBF5}.Release|Any CPU.Build.0 = Release|Any CPU
	EndGlobalSection
	GlobalSection(SolutionProperties) = preSolution
		HideSolutionNode = FALSE
	EndGlobalSection
	GlobalSection(ExtensibilityGlobals) = postSolution
		SolutionGuid = {92AB5593-374A-48C3-AF6E-B2489A4182C0}
	EndGlobalSection
EndGlobal
